
Microsoft Visual Studio Solution File, Format Version 12.00
# Visual Studio 15
VisualStudioVersion = 15.0.28010.2036
MinimumVisualStudioVersion = 10.0.40219.1
Project("{FAE04EC0-301F-11D3-BF4B-00C04F79EFBC}") = "BringApplicationToFront.Uwp", "BringApplicationToFront.Uwp\BringApplicationToFront.Uwp.csproj", "{1E91CFE8-834E-45CF-B9F0-17997E52F137}"
EndProject
Project("{FAE04EC0-301F-11D3-BF4B-00C04F79EFBC}") = "LauncherExtension", "LauncherExtension\LauncherExtension.csproj", "{D7FD4222-C8E9-4E24-BD08-DE73CAFAF427}"
EndProject
Project("{C7167F0D-BC9F-4E6E-AFE1-012C56B48DB5}") = "UwpExtensionPackage", "UwpExtensionPackage\UwpExtensionPackage.wapproj", "{33EDD438-14D1-4A12-9515-C941744B3190}"
EndProject
Global
	GlobalSection(SolutionConfigurationPlatforms) = preSolution
		Debug|Any CPU = Debug|Any CPU
		Debug|ARM = Debug|ARM
		Debug|x64 = Debug|x64
		Debug|x86 = Debug|x86
		Release|Any CPU = Release|Any CPU
		Release|ARM = Release|ARM
		Release|x64 = Release|x64
		Release|x86 = Release|x86
	EndGlobalSection
	GlobalSection(ProjectConfigurationPlatforms) = postSolution
		{1E91CFE8-834E-45CF-B9F0-17997E52F137}.Debug|Any CPU.ActiveCfg = Debug|x86
		{1E91CFE8-834E-45CF-B9F0-17997E52F137}.Debug|Any CPU.Build.0 = Debug|x86
		{1E91CFE8-834E-45CF-B9F0-17997E52F137}.Debug|ARM.ActiveCfg = Debug|ARM
		{1E91CFE8-834E-45CF-B9F0-17997E52F137}.Debug|ARM.Build.0 = Debug|ARM
		{1E91CFE8-834E-45CF-B9F0-17997E52F137}.Debug|ARM.Deploy.0 = Debug|ARM
		{1E91CFE8-834E-45CF-B9F0-17997E52F137}.Debug|x64.ActiveCfg = Debug|x64
		{1E91CFE8-834E-45CF-B9F0-17997E52F137}.Debug|x64.Build.0 = Debug|x64
		{1E91CFE8-834E-45CF-B9F0-17997E52F137}.Debug|x64.Deploy.0 = Debug|x64
		{1E91CFE8-834E-45CF-B9F0-17997E52F137}.Debug|x86.ActiveCfg = Debug|x86
		{1E91CFE8-834E-45CF-B9F0-17997E52F137}.Debug|x86.Build.0 = Debug|x86
		{1E91CFE8-834E-45CF-B9F0-17997E52F137}.Debug|x86.Deploy.0 = Debug|x86
		{1E91CFE8-834E-45CF-B9F0-17997E52F137}.Release|Any CPU.ActiveCfg = Release|x86
		{1E91CFE8-834E-45CF-B9F0-17997E52F137}.Release|ARM.ActiveCfg = Release|ARM
		{1E91CFE8-834E-45CF-B9F0-17997E52F137}.Release|ARM.Build.0 = Release|ARM
		{1E91CFE8-834E-45CF-B9F0-17997E52F137}.Release|ARM.Deploy.0 = Release|ARM
		{1E91CFE8-834E-45CF-B9F0-17997E52F137}.Release|x64.ActiveCfg = Release|x64
		{1E91CFE8-834E-45CF-B9F0-17997E52F137}.Release|x64.Build.0 = Release|x64
		{1E91CFE8-834E-45CF-B9F0-17997E52F137}.Release|x64.Deploy.0 = Release|x64
		{1E91CFE8-834E-45CF-B9F0-17997E52F137}.Release|x86.ActiveCfg = Release|x86
		{1E91CFE8-834E-45CF-B9F0-17997E52F137}.Release|x86.Build.0 = Release|x86
		{1E91CFE8-834E-45CF-B9F0-17997E52F137}.Release|x86.Deploy.0 = Release|x86
		{D7FD4222-C8E9-4E24-BD08-DE73CAFAF427}.Debug|Any CPU.ActiveCfg = Debug|Any CPU
		{D7FD4222-C8E9-4E24-BD08-DE73CAFAF427}.Debug|Any CPU.Build.0 = Debug|Any CPU
		{D7FD4222-C8E9-4E24-BD08-DE73CAFAF427}.Debug|ARM.ActiveCfg = Debug|Any CPU
		{D7FD4222-C8E9-4E24-BD08-DE73CAFAF427}.Debug|ARM.Build.0 = Debug|Any CPU
		{D7FD4222-C8E9-4E24-BD08-DE73CAFAF427}.Debug|x64.ActiveCfg = Debug|Any CPU
		{D7FD4222-C8E9-4E24-BD08-DE73CAFAF427}.Debug|x64.Build.0 = Debug|Any CPU
		{D7FD4222-C8E9-4E24-BD08-DE73CAFAF427}.Debug|x86.ActiveCfg = Debug|Any CPU
		{D7FD4222-C8E9-4E24-BD08-DE73CAFAF427}.Debug|x86.Build.0 = Debug|Any CPU
		{D7FD4222-C8E9-4E24-BD08-DE73CAFAF427}.Release|Any CPU.ActiveCfg = Release|Any CPU
		{D7FD4222-C8E9-4E24-BD08-DE73CAFAF427}.Release|Any CPU.Build.0 = Release|Any CPU
		{D7FD4222-C8E9-4E24-BD08-DE73CAFAF427}.Release|ARM.ActiveCfg = Release|Any CPU
		{D7FD4222-C8E9-4E24-BD08-DE73CAFAF427}.Release|ARM.Build.0 = Release|Any CPU
		{D7FD4222-C8E9-4E24-BD08-DE73CAFAF427}.Release|x64.ActiveCfg = Release|Any CPU
		{D7FD4222-C8E9-4E24-BD08-DE73CAFAF427}.Release|x64.Build.0 = Release|Any CPU
		{D7FD4222-C8E9-4E24-BD08-DE73CAFAF427}.Release|x86.ActiveCfg = Release|Any CPU
		{D7FD4222-C8E9-4E24-BD08-DE73CAFAF427}.Release|x86.Build.0 = Release|Any CPU
		{33EDD438-14D1-4A12-9515-C941744B3190}.Debug|Any CPU.ActiveCfg = Debug|Any CPU
		{33EDD438-14D1-4A12-9515-C941744B3190}.Debug|Any CPU.Build.0 = Debug|Any CPU
		{33EDD438-14D1-4A12-9515-C941744B3190}.Debug|Any CPU.Deploy.0 = Debug|Any CPU
		{33EDD438-14D1-4A12-9515-C941744B3190}.Debug|ARM.ActiveCfg = Debug|Any CPU
		{33EDD438-14D1-4A12-9515-C941744B3190}.Debug|ARM.Build.0 = Debug|Any CPU
		{33EDD438-14D1-4A12-9515-C941744B3190}.Debug|ARM.Deploy.0 = Debug|Any CPU
		{33EDD438-14D1-4A12-9515-C941744B3190}.Debug|x64.ActiveCfg = Debug|x64
		{33EDD438-14D1-4A12-9515-C941744B3190}.Debug|x64.Build.0 = Debug|x64
		{33EDD438-14D1-4A12-9515-C941744B3190}.Debug|x64.Deploy.0 = Debug|x64
		{33EDD438-14D1-4A12-9515-C941744B3190}.Debug|x86.ActiveCfg = Debug|x86
		{33EDD438-14D1-4A12-9515-C941744B3190}.Debug|x86.Build.0 = Debug|x86
		{33EDD438-14D1-4A12-9515-C941744B3190}.Debug|x86.Deploy.0 = Debug|x86
		{33EDD438-14D1-4A12-9515-C941744B3190}.Release|Any CPU.ActiveCfg = Release|Any CPU
		{33EDD438-14D1-4A12-9515-C941744B3190}.Release|Any CPU.Build.0 = Release|Any CPU
		{33EDD438-14D1-4A12-9515-C941744B3190}.Release|Any CPU.Deploy.0 = Release|Any CPU
		{33EDD438-14D1-4A12-9515-C941744B3190}.Release|ARM.ActiveCfg = Release|Any CPU
		{33EDD438-14D1-4A12-9515-C941744B3190}.Release|ARM.Build.0 = Release|Any CPU
		{33EDD438-14D1-4A12-9515-C941744B3190}.Release|ARM.Deploy.0 = Release|Any CPU
		{33EDD438-14D1-4A12-9515-C941744B3190}.Release|x64.ActiveCfg = Release|x64
		{33EDD438-14D1-4A12-9515-C941744B3190}.Release|x64.Build.0 = Release|x64
		{33EDD438-14D1-4A12-9515-C941744B3190}.Release|x64.Deploy.0 = Release|x64
		{33EDD438-14D1-4A12-9515-C941744B3190}.Release|x86.ActiveCfg = Release|x86
		{33EDD438-14D1-4A12-9515-C941744B3190}.Release|x86.Build.0 = Release|x86
		{33EDD438-14D1-4A12-9515-C941744B3190}.Release|x86.Deploy.0 = Release|x86
	EndGlobalSection
	GlobalSection(SolutionProperties) = preSolution
		HideSolutionNode = FALSE
	EndGlobalSection
	GlobalSection(ExtensibilityGlobals) = postSolution
		SolutionGuid = {3E5B31A4-D325-4236-BFCE-FE5636403FC2}
	EndGlobalSection
EndGlobal
